
Microsoft Visual Studio Solution File, Format Version 12.00
# Visual Studio 15
VisualStudioVersion = 15.0.27703.2026
MinimumVisualStudioVersion = 10.0.40219.1
Project("{FAE04EC0-301F-11D3-BF4B-00C04F79EFBC}") = "WikipediaApiWrapper", "WikipediaApi\WikipediaApiWrapper.csproj", "{08670F92-902A-47A8-AAD5-5F1B5247AFCE}"
EndProject
Global
	GlobalSection(SolutionConfigurationPlatforms) = preSolution
		Debug|Any CPU = Debug|Any CPU
		Release|Any CPU = Release|Any CPU
	EndGlobalSection
	GlobalSection(ProjectConfigurationPlatforms) = postSolution
		{08670F92-902A-47A8-AAD5-5F1B5247AFCE}.Debug|Any CPU.ActiveCfg = Debug|Any CPU
		{08670F92-902A-47A8-AAD5-5F1B5247AFCE}.Debug|Any CPU.Build.0 = Debug|Any CPU
		{08670F92-902A-47A8-AAD5-5F1B5247AFCE}.Release|Any CPU.ActiveCfg = Release|Any CPU
		{08670F92-902A-47A8-AAD5-5F1B5247AFCE}.Release|Any CPU.Build.0 = Release|Any CPU
	EndGlobalSection
	GlobalSection(SolutionProperties) = preSolution
		HideSolutionNode = FALSE
	EndGlobalSection
	GlobalSection(ExtensibilityGlobals) = postSolution
		SolutionGuid = {2D8C3E64-98A6-455B-B679-10E6C0AE4B48}
	EndGlobalSection
EndGlobal
